// !$*UTF8*$!
{
	archiveVersion = 1;
	classes = {
	};
	objectVersion = 46;
	objects = {

/* Begin PBXBuildFile section */
		4E9416EE1DFC82D00009BA55 /* AppDelegate.swift in Sources */ = {isa = PBXBuildFile; fileRef = 4E9416ED1DFC82D00009BA55 /* AppDelegate.swift */; };
		4E9416F01DFC82D00009BA55 /* ViewController.swift in Sources */ = {isa = PBXBuildFile; fileRef = 4E9416EF1DFC82D00009BA55 /* ViewController.swift */; };
		4E9416F21DFC82D00009BA55 /* Assets.xcassets in Resources */ = {isa = PBXBuildFile; fileRef = 4E9416F11DFC82D00009BA55 /* Assets.xcassets */; };
		4E9416F51DFC82D00009BA55 /* Main.storyboard in Resources */ = {isa = PBXBuildFile; fileRef = 4E9416F31DFC82D00009BA55 /* Main.storyboard */; };
		4E9416FD1DFC83A80009BA55 /* LemmingsCanvas.swift in Sources */ = {isa = PBXBuildFile; fileRef = 4E9416FC1DFC83A80009BA55 /* LemmingsCanvas.swift */; };
		4E9417011DFC94A60009BA55 /* SpriteLoader.swift in Sources */ = {isa = PBXBuildFile; fileRef = 4E9417001DFC94A60009BA55 /* SpriteLoader.swift */; };
		4E9417031DFD180D0009BA55 /* LemmingsScene.swift in Sources */ = {isa = PBXBuildFile; fileRef = 4E9417021DFD180D0009BA55 /* LemmingsScene.swift */; };
		4E9417051DFD19550009BA55 /* Lemming.swift in Sources */ = {isa = PBXBuildFile; fileRef = 4E9417041DFD19550009BA55 /* Lemming.swift */; };
		4E9417071DFD44C50009BA55 /* Atlas.plist in Resources */ = {isa = PBXBuildFile; fileRef = 4E9417061DFD44C50009BA55 /* Atlas.plist */; };
		4E9417091DFD840B0009BA55 /* sprites.png in Resources */ = {isa = PBXBuildFile; fileRef = 4E9417081DFD840B0009BA55 /* sprites.png */; };
/* End PBXBuildFile section */

/* Begin PBXFileReference section */
		4E9416EA1DFC82D00009BA55 /* TouchLemmings.app */ = {isa = PBXFileReference; explicitFileType = wrapper.application; includeInIndex = 0; path = TouchLemmings.app; sourceTree = BUILT_PRODUCTS_DIR; };
		4E9416ED1DFC82D00009BA55 /* AppDelegate.swift */ = {isa = PBXFileReference; lastKnownFileType = sourcecode.swift; path = AppDelegate.swift; sourceTree = "<group>"; };
		4E9416EF1DFC82D00009BA55 /* ViewController.swift */ = {isa = PBXFileReference; lastKnownFileType = sourcecode.swift; path = ViewController.swift; sourceTree = "<group>"; };
		4E9416F11DFC82D00009BA55 /* Assets.xcassets */ = {isa = PBXFileReference; lastKnownFileType = folder.assetcatalog; path = Assets.xcassets; sourceTree = "<group>"; };
		4E9416F41DFC82D00009BA55 /* Base */ = {isa = PBXFileReference; lastKnownFileType = file.storyboard; name = Base; path = Base.lproj/Main.storyboard; sourceTree = "<group>"; };
		4E9416F61DFC82D00009BA55 /* Info.plist */ = {isa = PBXFileReference; lastKnownFileType = text.plist.xml; path = Info.plist; sourceTree = "<group>"; };
		4E9416FC1DFC83A80009BA55 /* LemmingsCanvas.swift */ = {isa = PBXFileReference; fileEncoding = 4; lastKnownFileType = sourcecode.swift; path = LemmingsCanvas.swift; sourceTree = "<group>"; };
		4E9417001DFC94A60009BA55 /* SpriteLoader.swift */ = {isa = PBXFileReference; fileEncoding = 4; lastKnownFileType = sourcecode.swift; path = SpriteLoader.swift; sourceTree = "<group>"; };
		4E9417021DFD180D0009BA55 /* LemmingsScene.swift */ = {isa = PBXFileReference; fileEncoding = 4; lastKnownFileType = sourcecode.swift; path = LemmingsScene.swift; sourceTree = "<group>"; };
		4E9417041DFD19550009BA55 /* Lemming.swift */ = {isa = PBXFileReference; fileEncoding = 4; lastKnownFileType = sourcecode.swift; path = Lemming.swift; sourceTree = "<group>"; };
		4E9417061DFD44C50009BA55 /* Atlas.plist */ = {isa = PBXFileReference; fileEncoding = 4; lastKnownFileType = text.plist.xml; path = Atlas.plist; sourceTree = "<group>"; };
		4E9417081DFD840B0009BA55 /* sprites.png */ = {isa = PBXFileReference; lastKnownFileType = image.png; path = sprites.png; sourceTree = "<group>"; };
/* End PBXFileReference section */

/* Begin PBXFrameworksBuildPhase section */
		4E9416E71DFC82D00009BA55 /* Frameworks */ = {
			isa = PBXFrameworksBuildPhase;
			buildActionMask = 2147483647;
			files = (
			);
			runOnlyForDeploymentPostprocessing = 0;
		};
/* End PBXFrameworksBuildPhase section */

/* Begin PBXGroup section */
		4E9416E11DFC82D00009BA55 = {
			isa = PBXGroup;
			children = (
				4E9416EC1DFC82D00009BA55 /* TouchLemmings */,
				4E9416EB1DFC82D00009BA55 /* Products */,
			);
			sourceTree = "<group>";
		};
		4E9416EB1DFC82D00009BA55 /* Products */ = {
			isa = PBXGroup;
			children = (
				4E9416EA1DFC82D00009BA55 /* TouchLemmings.app */,
			);
			name = Products;
			sourceTree = "<group>";
		};
		4E9416EC1DFC82D00009BA55 /* TouchLemmings */ = {
			isa = PBXGroup;
			children = (
				4E9416ED1DFC82D00009BA55 /* AppDelegate.swift */,
				4E9416EF1DFC82D00009BA55 /* ViewController.swift */,
				4E9416FC1DFC83A80009BA55 /* LemmingsCanvas.swift */,
				4E9417021DFD180D0009BA55 /* LemmingsScene.swift */,
				4E9417041DFD19550009BA55 /* Lemming.swift */,
				4E9417001DFC94A60009BA55 /* SpriteLoader.swift */,
				4E9417061DFD44C50009BA55 /* Atlas.plist */,
				4E9417081DFD840B0009BA55 /* sprites.png */,
				4E9416F11DFC82D00009BA55 /* Assets.xcassets */,
				4E9416F31DFC82D00009BA55 /* Main.storyboard */,
				4E9416F61DFC82D00009BA55 /* Info.plist */,
			);
			path = TouchLemmings;
			sourceTree = "<group>";
		};
/* End PBXGroup section */

/* Begin PBXNativeTarget section */
		4E9416E91DFC82D00009BA55 /* TouchLemmings */ = {
			isa = PBXNativeTarget;
			buildConfigurationList = 4E9416F91DFC82D00009BA55 /* Build configuration list for PBXNativeTarget "TouchLemmings" */;
			buildPhases = (
				4E9416E61DFC82D00009BA55 /* Sources */,
				4E9416E71DFC82D00009BA55 /* Frameworks */,
				4E9416E81DFC82D00009BA55 /* Resources */,
			);
			buildRules = (
			);
			dependencies = (
			);
			name = TouchLemmings;
			productName = TouchLemmings;
			productReference = 4E9416EA1DFC82D00009BA55 /* TouchLemmings.app */;
			productType = "com.apple.product-type.application";
		};
/* End PBXNativeTarget section */

/* Begin PBXProject section */
		4E9416E21DFC82D00009BA55 /* Project object */ = {
			isa = PBXProject;
			attributes = {
				LastSwiftUpdateCheck = 0810;
				LastUpgradeCheck = 0810;
				ORGANIZATIONNAME = "Erik Olsson";
				TargetAttributes = {
					4E9416E91DFC82D00009BA55 = {
						CreatedOnToolsVersion = 8.1;
						ProvisioningStyle = Automatic;
					};
				};
			};
			buildConfigurationList = 4E9416E51DFC82D00009BA55 /* Build configuration list for PBXProject "TouchLemmings" */;
			compatibilityVersion = "Xcode 3.2";
			developmentRegion = English;
			hasScannedForEncodings = 0;
			knownRegions = (
				en,
				Base,
			);
			mainGroup = 4E9416E11DFC82D00009BA55;
			productRefGroup = 4E9416EB1DFC82D00009BA55 /* Products */;
			projectDirPath = "";
			projectRoot = "";
			targets = (
				4E9416E91DFC82D00009BA55 /* TouchLemmings */,
			);
		};
/* End PBXProject section */

/* Begin PBXResourcesBuildPhase section */
		4E9416E81DFC82D00009BA55 /* Resources */ = {
			isa = PBXResourcesBuildPhase;
			buildActionMask = 2147483647;
			files = (
				4E9417091DFD840B0009BA55 /* sprites.png in Resources */,
				4E9416F21DFC82D00009BA55 /* Assets.xcassets in Resources */,
				4E9417071DFD44C50009BA55 /* Atlas.plist in Resources */,
				4E9416F51DFC82D00009BA55 /* Main.storyboard in Resources */,
			);
			runOnlyForDeploymentPostprocessing = 0;
		};
/* End PBXResourcesBuildPhase section */

/* Begin PBXSourcesBuildPhase section */
		4E9416E61DFC82D00009BA55 /* Sources */ = {
			isa = PBXSourcesBuildPhase;
			buildActionMask = 2147483647;
			files = (
				4E9416F01DFC82D00009BA55 /* ViewController.swift in Sources */,
				4E9417031DFD180D0009BA55 /* LemmingsScene.swift in Sources */,
				4E9416EE1DFC82D00009BA55 /* AppDelegate.swift in Sources */,
				4E9416FD1DFC83A80009BA55 /* LemmingsCanvas.swift in Sources */,
				4E9417011DFC94A60009BA55 /* SpriteLoader.swift in Sources */,
				4E9417051DFD19550009BA55 /* Lemming.swift in Sources */,
			);
			runOnlyForDeploymentPostprocessing = 0;
		};
/* End PBXSourcesBuildPhase section */

/* Begin PBXVariantGroup section */
		4E9416F31DFC82D00009BA55 /* Main.storyboard */ = {
			isa = PBXVariantGroup;
			children = (
				4E9416F41DFC82D00009BA55 /* Base */,
			);
			name = Main.storyboard;
			sourceTree = "<group>";
		};
/* End PBXVariantGroup section */

/* Begin XCBuildConfiguration section */
		4E9416F71DFC82D00009BA55 /* Debug */ = {
			isa = XCBuildConfiguration;
			buildSettings = {
				ALWAYS_SEARCH_USER_PATHS = NO;
				CLANG_ANALYZER_NONNULL = YES;
				CLANG_CXX_LANGUAGE_STANDARD = "gnu++0x";
				CLANG_CXX_LIBRARY = "libc++";
				CLANG_ENABLE_MODULES = YES;
				CLANG_ENABLE_OBJC_ARC = YES;
				CLANG_WARN_BOOL_CONVERSION = YES;
				CLANG_WARN_CONSTANT_CONVERSION = YES;
				CLANG_WARN_DIRECT_OBJC_ISA_USAGE = YES_ERROR;
				CLANG_WARN_DOCUMENTATION_COMMENTS = YES;
				CLANG_WARN_EMPTY_BODY = YES;
				CLANG_WARN_ENUM_CONVERSION = YES;
				CLANG_WARN_INFINITE_RECURSION = YES;
				CLANG_WARN_INT_CONVERSION = YES;
				CLANG_WARN_OBJC_ROOT_CLASS = YES_ERROR;
				CLANG_WARN_SUSPICIOUS_MOVES = YES;
				CLANG_WARN_UNREACHABLE_CODE = YES;
				CLANG_WARN__DUPLICATE_METHOD_MATCH = YES;
				CODE_SIGN_IDENTITY = "-";
				COPY_PHASE_STRIP = NO;
				DEBUG_INFORMATION_FORMAT = dwarf;
				ENABLE_STRICT_OBJC_MSGSEND = YES;
				ENABLE_TESTABILITY = YES;
				GCC_C_LANGUAGE_STANDARD = gnu99;
				GCC_DYNAMIC_NO_PIC = NO;
				GCC_NO_COMMON_BLOCKS = YES;
				GCC_OPTIMIZATION_LEVEL = 0;
				GCC_PREPROCESSOR_DEFINITIONS = (
					"DEBUG=1",
					"$(inherited)",
				);
				GCC_WARN_64_TO_32_BIT_CONVERSION = YES;
				GCC_WARN_ABOUT_RETURN_TYPE = YES_ERROR;
				GCC_WARN_UNDECLARED_SELECTOR = YES;
				GCC_WARN_UNINITIALIZED_AUTOS = YES_AGGRESSIVE;
				GCC_WARN_UNUSED_FUNCTION = YES;
				GCC_WARN_UNUSED_VARIABLE = YES;
				MACOSX_DEPLOYMENT_TARGET = 10.12;
				MTL_ENABLE_DEBUG_INFO = YES;
				ONLY_ACTIVE_ARCH = YES;
				SDKROOT = macosx;
				SWIFT_ACTIVE_COMPILATION_CONDITIONS = DEBUG;
				SWIFT_OPTIMIZATION_LEVEL = "-Onone";
			};
			name = Debug;
		};
		4E9416F81DFC82D00009BA55 /* Release */ = {
			isa = XCBuildConfiguration;
			buildSettings = {
				ALWAYS_SEARCH_USER_PATHS = NO;
				CLANG_ANALYZER_NONNULL = YES;
				CLANG_CXX_LANGUAGE_STANDARD = "gnu++0x";
				CLANG_CXX_LIBRARY = "libc++";
				CLANG_ENABLE_MODULES = YES;
				CLANG_ENABLE_OBJC_ARC = YES;
				CLANG_WARN_BOOL_CONVERSION = YES;
				CLANG_WARN_CONSTANT_CONVERSION = YES;
				CLANG_WARN_DIRECT_OBJC_ISA_USAGE = YES_ERROR;
				CLANG_WARN_DOCUMENTATION_COMMENTS = YES;
				CLANG_WARN_EMPTY_BODY = YES;
				CLANG_WARN_ENUM_CONVERSION = YES;
				CLANG_WARN_INFINITE_RECURSION = YES;
				CLANG_WARN_INT_CONVERSION = YES;
				CLANG_WARN_OBJC_ROOT_CLASS = YES_ERROR;
				CLANG_WARN_SUSPICIOUS_MOVES = YES;
				CLANG_WARN_UNREACHABLE_CODE = YES;
				CLANG_WARN__DUPLICATE_METHOD_MATCH = YES;
				CODE_SIGN_IDENTITY = "-";
				COPY_PHASE_STRIP = NO;
				DEBUG_INFORMATION_FORMAT = "dwarf-with-dsym";
				ENABLE_NS_ASSERTIONS = NO;
				ENABLE_STRICT_OBJC_MSGSEND = YES;
				GCC_C_LANGUAGE_STANDARD = gnu99;
				GCC_NO_COMMON_BLOCKS = YES;
				GCC_WARN_64_TO_32_BIT_CONVERSION = YES;
				GCC_WARN_ABOUT_RETURN_TYPE = YES_ERROR;
				GCC_WARN_UNDECLARED_SELECTOR = YES;
				GCC_WARN_UNINITIALIZED_AUTOS = YES_AGGRESSIVE;
				GCC_WARN_UNUSED_FUNCTION = YES;
				GCC_WARN_UNUSED_VARIABLE = YES;
				MACOSX_DEPLOYMENT_TARGET = 10.12;
				MTL_ENABLE_DEBUG_INFO = NO;
				SDKROOT = macosx;
				SWIFT_OPTIMIZATION_LEVEL = "-Owholemodule";
			};
			name = Release;
		};
		4E9416FA1DFC82D00009BA55 /* Debug */ = {
			isa = XCBuildConfiguration;
			buildSettings = {
				ASSETCATALOG_COMPILER_APPICON_NAME = AppIcon;
				CODE_SIGN_IDENTITY = "Mac Developer";
				COMBINE_HIDPI_IMAGES = YES;
				DEVELOPMENT_TEAM = "";
				INFOPLIST_FILE = TouchLemmings/Info.plist;
				LD_RUNPATH_SEARCH_PATHS = "$(inherited) @executable_path/../Frameworks";
				PRODUCT_BUNDLE_IDENTIFIER = com.example.TouchLemmings;
				PRODUCT_NAME = "$(TARGET_NAME)";
				SWIFT_VERSION = 3.0;
			};
			name = Debug;
		};
		4E9416FB1DFC82D00009BA55 /* Release */ = {
			isa = XCBuildConfiguration;
			buildSettings = {
				ASSETCATALOG_COMPILER_APPICON_NAME = AppIcon;
				CODE_SIGN_IDENTITY = "Mac Developer";
				COMBINE_HIDPI_IMAGES = YES;
				DEVELOPMENT_TEAM = "";
				INFOPLIST_FILE = TouchLemmings/Info.plist;
				LD_RUNPATH_SEARCH_PATHS = "$(inherited) @executable_path/../Frameworks";
				PRODUCT_BUNDLE_IDENTIFIER = com.example.TouchLemmings;
				PRODUCT_NAME = "$(TARGET_NAME)";
				SWIFT_VERSION = 3.0;
			};
			name = Release;
		};
/* End XCBuildConfiguration section */

/* Begin XCConfigurationList section */
		4E9416E51DFC82D00009BA55 /* Build configuration list for PBXProject "TouchLemmings" */ = {
			isa = XCConfigurationList;
			buildConfigurations = (
				4E9416F71DFC82D00009BA55 /* Debug */,
				4E9416F81DFC82D00009BA55 /* Release */,
			);
			defaultConfigurationIsVisible = 0;
			defaultConfigurationName = Release;
		};
		4E9416F91DFC82D00009BA55 /* Build configuration list for PBXNativeTarget "TouchLemmings" */ = {
			isa = XCConfigurationList;
			buildConfigurations = (
				4E9416FA1DFC82D00009BA55 /* Debug */,
				4E9416FB1DFC82D00009BA55 /* Release */,
			);
			defaultConfigurationIsVisible = 0;
			defaultConfigurationName = Release;
		};
/* End XCConfigurationList section */
	};
	rootObject = 4E9416E21DFC82D00009BA55 /* Project object */;
}
